
Microsoft Visual Studio Solution File, Format Version 12.00
# Visual Studio Version 16
VisualStudioVersion = 16.0.31129.286
MinimumVisualStudioVersion = 10.0.40219.1
Project("{FAE04EC0-301F-11D3-BF4B-00C04F79EFBC}") = "WalletConnector.Api", "WalletConnector.Api\WalletConnector.Api.csproj", "{0BF002FF-0298-4293-B002-EE7B3B98AA9C}"
EndProject
Project("{FAE04EC0-301F-11D3-BF4B-00C04F79EFBC}") = "WalletConnector.Application", "WalletConnector.Application\WalletConnector.Application.csproj", "{96EF3F8F-0A4C-4C86-A23A-946ECD700664}"
EndProject
Project("{FAE04EC0-301F-11D3-BF4B-00C04F79EFBC}") = "WalletConnector.Domain", "WalletConnector.Domain\WalletConnector.Domain.csproj", "{C4652956-9A10-4BD0-BB39-28442B2DA69D}"
EndProject
Project("{FAE04EC0-301F-11D3-BF4B-00C04F79EFBC}") = "WalletConnector.Infrastructure", "WalletConnector.Infrastructure\WalletConnector.Infrastructure.csproj", "{46DE5F50-D350-4BC3-8730-54C1BA9E7D75}"
EndProject
Global
	GlobalSection(SolutionConfigurationPlatforms) = preSolution
		Debug|Any CPU = Debug|Any CPU
		Release|Any CPU = Release|Any CPU
	EndGlobalSection
	GlobalSection(ProjectConfigurationPlatforms) = postSolution
		{0BF002FF-0298-4293-B002-EE7B3B98AA9C}.Debug|Any CPU.ActiveCfg = Debug|Any CPU
		{0BF002FF-0298-4293-B002-EE7B3B98AA9C}.Debug|Any CPU.Build.0 = Debug|Any CPU
		{0BF002FF-0298-4293-B002-EE7B3B98AA9C}.Release|Any CPU.ActiveCfg = Release|Any CPU
		{0BF002FF-0298-4293-B002-EE7B3B98AA9C}.Release|Any CPU.Build.0 = Release|Any CPU
		{96EF3F8F-0A4C-4C86-A23A-946ECD700664}.Debug|Any CPU.ActiveCfg = Debug|Any CPU
		{96EF3F8F-0A4C-4C86-A23A-946ECD700664}.Debug|Any CPU.Build.0 = Debug|Any CPU
		{96EF3F8F-0A4C-4C86-A23A-946ECD700664}.Release|Any CPU.ActiveCfg = Release|Any CPU
		{96EF3F8F-0A4C-4C86-A23A-946ECD700664}.Release|Any CPU.Build.0 = Release|Any CPU
		{C4652956-9A10-4BD0-BB39-28442B2DA69D}.Debug|Any CPU.ActiveCfg = Debug|Any CPU
		{C4652956-9A10-4BD0-BB39-28442B2DA69D}.Debug|Any CPU.Build.0 = Debug|Any CPU
		{C4652956-9A10-4BD0-BB39-28442B2DA69D}.Release|Any CPU.ActiveCfg = Release|Any CPU
		{C4652956-9A10-4BD0-BB39-28442B2DA69D}.Release|Any CPU.Build.0 = Release|Any CPU
		{46DE5F50-D350-4BC3-8730-54C1BA9E7D75}.Debug|Any CPU.ActiveCfg = Debug|Any CPU
		{46DE5F50-D350-4BC3-8730-54C1BA9E7D75}.Debug|Any CPU.Build.0 = Debug|Any CPU
		{46DE5F50-D350-4BC3-8730-54C1BA9E7D75}.Release|Any CPU.ActiveCfg = Release|Any CPU
		{46DE5F50-D350-4BC3-8730-54C1BA9E7D75}.Release|Any CPU.Build.0 = Release|Any CPU
	EndGlobalSection
	GlobalSection(SolutionProperties) = preSolution
		HideSolutionNode = FALSE
	EndGlobalSection
	GlobalSection(ExtensibilityGlobals) = postSolution
		SolutionGuid = {C144A038-44B4-49CE-8B40-A10C7EB4DCDD}
	EndGlobalSection
EndGlobal
